
Microsoft Visual Studio Solution File, Format Version 12.00
# Visual Studio Version 17
VisualStudioVersion = 17.1.32414.318
MinimumVisualStudioVersion = 10.0.40219.1
Project("{FAE04EC0-301F-11D3-BF4B-00C04F79EFBC}") = "supermarketproject", "supermarketproject\supermarketproject.csproj", "{1678CCD9-0983-4852-A010-CD53A5E93D43}"
EndProject
Global
	GlobalSection(SolutionConfigurationPlatforms) = preSolution
		Debug|Any CPU = Debug|Any CPU
		Release|Any CPU = Release|Any CPU
	EndGlobalSection
	GlobalSection(ProjectConfigurationPlatforms) = postSolution
		{1678CCD9-0983-4852-A010-CD53A5E93D43}.Debug|Any CPU.ActiveCfg = Debug|Any CPU
		{1678CCD9-0983-4852-A010-CD53A5E93D43}.Debug|Any CPU.Build.0 = Debug|Any CPU
		{1678CCD9-0983-4852-A010-CD53A5E93D43}.Release|Any CPU.ActiveCfg = Release|Any CPU
		{1678CCD9-0983-4852-A010-CD53A5E93D43}.Release|Any CPU.Build.0 = Release|Any CPU
	EndGlobalSection
	GlobalSection(SolutionProperties) = preSolution
		HideSolutionNode = FALSE
	EndGlobalSection
	GlobalSection(ExtensibilityGlobals) = postSolution
		SolutionGuid = {34BB0164-A283-4CC5-A755-D8A0DC836F13}
	EndGlobalSection
EndGlobal
